// !$*UTF8*$!
{
	archiveVersion = 1;
	classes = {
	};
	objectVersion = 50;
	objects = {

/* Begin PBXBuildFile section */
		633D342D2190052C006CD52D /* AppDelegate.m in Sources */ = {isa = PBXBuildFile; fileRef = 633D342C2190052C006CD52D /* AppDelegate.m */; };
		633D34302190052C006CD52D /* ViewController.m in Sources */ = {isa = PBXBuildFile; fileRef = 633D342F2190052C006CD52D /* ViewController.m */; };
		633D34332190052C006CD52D /* Main.storyboard in Resources */ = {isa = PBXBuildFile; fileRef = 633D34312190052C006CD52D /* Main.storyboard */; };
		633D34352190052D006CD52D /* Assets.xcassets in Resources */ = {isa = PBXBuildFile; fileRef = 633D34342190052D006CD52D /* Assets.xcassets */; };
		633D34382190052D006CD52D /* LaunchScreen.storyboard in Resources */ = {isa = PBXBuildFile; fileRef = 633D34362190052D006CD52D /* LaunchScreen.storyboard */; };
		633D343B2190052D006CD52D /* main.m in Sources */ = {isa = PBXBuildFile; fileRef = 633D343A2190052D006CD52D /* main.m */; };
		633D34452190052D006CD52D /* GomokuPlayTests.m in Sources */ = {isa = PBXBuildFile; fileRef = 633D34442190052D006CD52D /* GomokuPlayTests.m */; };
		633D34502190052D006CD52D /* GomokuPlayUITests.m in Sources */ = {isa = PBXBuildFile; fileRef = 633D344F2190052D006CD52D /* GomokuPlayUITests.m */; };
/* End PBXBuildFile section */

/* Begin PBXContainerItemProxy section */
		633D34412190052D006CD52D /* PBXContainerItemProxy */ = {
			isa = PBXContainerItemProxy;
			containerPortal = 633D34202190052C006CD52D /* Project object */;
			proxyType = 1;
			remoteGlobalIDString = 633D34272190052C006CD52D;
			remoteInfo = GomokuPlay;
		};
		633D344C2190052D006CD52D /* PBXContainerItemProxy */ = {
			isa = PBXContainerItemProxy;
			containerPortal = 633D34202190052C006CD52D /* Project object */;
			proxyType = 1;
			remoteGlobalIDString = 633D34272190052C006CD52D;
			remoteInfo = GomokuPlay;
		};
/* End PBXContainerItemProxy section */

/* Begin PBXFileReference section */
		633D34282190052C006CD52D /* GomokuPlay.app */ = {isa = PBXFileReference; explicitFileType = wrapper.application; includeInIndex = 0; path = GomokuPlay.app; sourceTree = BUILT_PRODUCTS_DIR; };
		633D342B2190052C006CD52D /* AppDelegate.h */ = {isa = PBXFileReference; lastKnownFileType = sourcecode.c.h; path = AppDelegate.h; sourceTree = "<group>"; };
		633D342C2190052C006CD52D /* AppDelegate.m */ = {isa = PBXFileReference; lastKnownFileType = sourcecode.c.objc; path = AppDelegate.m; sourceTree = "<group>"; };
		633D342E2190052C006CD52D /* ViewController.h */ = {isa = PBXFileReference; lastKnownFileType = sourcecode.c.h; path = ViewController.h; sourceTree = "<group>"; };
		633D342F2190052C006CD52D /* ViewController.m */ = {isa = PBXFileReference; lastKnownFileType = sourcecode.c.objc; path = ViewController.m; sourceTree = "<group>"; };
		633D34322190052C006CD52D /* Base */ = {isa = PBXFileReference; lastKnownFileType = file.storyboard; name = Base; path = Base.lproj/Main.storyboard; sourceTree = "<group>"; };
		633D34342190052D006CD52D /* Assets.xcassets */ = {isa = PBXFileReference; lastKnownFileType = folder.assetcatalog; path = Assets.xcassets; sourceTree = "<group>"; };
		633D34372190052D006CD52D /* Base */ = {isa = PBXFileReference; lastKnownFileType = file.storyboard; name = Base; path = Base.lproj/LaunchScreen.storyboard; sourceTree = "<group>"; };
		633D34392190052D006CD52D /* Info.plist */ = {isa = PBXFileReference; lastKnownFileType = text.plist.xml; path = Info.plist; sourceTree = "<group>"; };
		633D343A2190052D006CD52D /* main.m */ = {isa = PBXFileReference; lastKnownFileType = sourcecode.c.objc; path = main.m; sourceTree = "<group>"; };
		633D34402190052D006CD52D /* GomokuPlayTests.xctest */ = {isa = PBXFileReference; explicitFileType = wrapper.cfbundle; includeInIndex = 0; path = GomokuPlayTests.xctest; sourceTree = BUILT_PRODUCTS_DIR; };
		633D34442190052D006CD52D /* GomokuPlayTests.m */ = {isa = PBXFileReference; lastKnownFileType = sourcecode.c.objc; path = GomokuPlayTests.m; sourceTree = "<group>"; };
		633D34462190052D006CD52D /* Info.plist */ = {isa = PBXFileReference; lastKnownFileType = text.plist.xml; path = Info.plist; sourceTree = "<group>"; };
		633D344B2190052D006CD52D /* GomokuPlayUITests.xctest */ = {isa = PBXFileReference; explicitFileType = wrapper.cfbundle; includeInIndex = 0; path = GomokuPlayUITests.xctest; sourceTree = BUILT_PRODUCTS_DIR; };
		633D344F2190052D006CD52D /* GomokuPlayUITests.m */ = {isa = PBXFileReference; lastKnownFileType = sourcecode.c.objc; path = GomokuPlayUITests.m; sourceTree = "<group>"; };
		633D34512190052D006CD52D /* Info.plist */ = {isa = PBXFileReference; lastKnownFileType = text.plist.xml; path = Info.plist; sourceTree = "<group>"; };
/* End PBXFileReference section */

/* Begin PBXFrameworksBuildPhase section */
		633D34252190052C006CD52D /* Frameworks */ = {
			isa = PBXFrameworksBuildPhase;
			buildActionMask = 2147483647;
			files = (
			);
			runOnlyForDeploymentPostprocessing = 0;
		};
		633D343D2190052D006CD52D /* Frameworks */ = {
			isa = PBXFrameworksBuildPhase;
			buildActionMask = 2147483647;
			files = (
			);
			runOnlyForDeploymentPostprocessing = 0;
		};
		633D34482190052D006CD52D /* Frameworks */ = {
			isa = PBXFrameworksBuildPhase;
			buildActionMask = 2147483647;
			files = (
			);
			runOnlyForDeploymentPostprocessing = 0;
		};
/* End PBXFrameworksBuildPhase section */

/* Begin PBXGroup section */
		633D341F2190052C006CD52D = {
			isa = PBXGroup;
			children = (
				633D342A2190052C006CD52D /* GomokuPlay */,
				633D34432190052D006CD52D /* GomokuPlayTests */,
				633D344E2190052D006CD52D /* GomokuPlayUITests */,
				633D34292190052C006CD52D /* Products */,
			);
			sourceTree = "<group>";
		};
		633D34292190052C006CD52D /* Products */ = {
			isa = PBXGroup;
			children = (
				633D34282190052C006CD52D /* GomokuPlay.app */,
				633D34402190052D006CD52D /* GomokuPlayTests.xctest */,
				633D344B2190052D006CD52D /* GomokuPlayUITests.xctest */,
			);
			name = Products;
			sourceTree = "<group>";
		};
		633D342A2190052C006CD52D /* GomokuPlay */ = {
			isa = PBXGroup;
			children = (
				633D342B2190052C006CD52D /* AppDelegate.h */,
				633D342C2190052C006CD52D /* AppDelegate.m */,
				633D342E2190052C006CD52D /* ViewController.h */,
				633D342F2190052C006CD52D /* ViewController.m */,
				633D34312190052C006CD52D /* Main.storyboard */,
				633D34342190052D006CD52D /* Assets.xcassets */,
				633D34362190052D006CD52D /* LaunchScreen.storyboard */,
				633D34392190052D006CD52D /* Info.plist */,
				633D343A2190052D006CD52D /* main.m */,
			);
			path = GomokuPlay;
			sourceTree = "<group>";
		};
		633D34432190052D006CD52D /* GomokuPlayTests */ = {
			isa = PBXGroup;
			children = (
				633D34442190052D006CD52D /* GomokuPlayTests.m */,
				633D34462190052D006CD52D /* Info.plist */,
			);
			path = GomokuPlayTests;
			sourceTree = "<group>";
		};
		633D344E2190052D006CD52D /* GomokuPlayUITests */ = {
			isa = PBXGroup;
			children = (
				633D344F2190052D006CD52D /* GomokuPlayUITests.m */,
				633D34512190052D006CD52D /* Info.plist */,
			);
			path = GomokuPlayUITests;
			sourceTree = "<group>";
		};
/* End PBXGroup section */

/* Begin PBXNativeTarget section */
		633D34272190052C006CD52D /* GomokuPlay */ = {
			isa = PBXNativeTarget;
			buildConfigurationList = 633D34542190052D006CD52D /* Build configuration list for PBXNativeTarget "GomokuPlay" */;
			buildPhases = (
				633D34242190052C006CD52D /* Sources */,
				633D34252190052C006CD52D /* Frameworks */,
				633D34262190052C006CD52D /* Resources */,
			);
			buildRules = (
			);
			dependencies = (
			);
			name = GomokuPlay;
			productName = GomokuPlay;
			productReference = 633D34282190052C006CD52D /* GomokuPlay.app */;
			productType = "com.apple.product-type.application";
		};
		633D343F2190052D006CD52D /* GomokuPlayTests */ = {
			isa = PBXNativeTarget;
			buildConfigurationList = 633D34572190052D006CD52D /* Build configuration list for PBXNativeTarget "GomokuPlayTests" */;
			buildPhases = (
				633D343C2190052D006CD52D /* Sources */,
				633D343D2190052D006CD52D /* Frameworks */,
				633D343E2190052D006CD52D /* Resources */,
			);
			buildRules = (
			);
			dependencies = (
				633D34422190052D006CD52D /* PBXTargetDependency */,
			);
			name = GomokuPlayTests;
			productName = GomokuPlayTests;
			productReference = 633D34402190052D006CD52D /* GomokuPlayTests.xctest */;
			productType = "com.apple.product-type.bundle.unit-test";
		};
		633D344A2190052D006CD52D /* GomokuPlayUITests */ = {
			isa = PBXNativeTarget;
			buildConfigurationList = 633D345A2190052D006CD52D /* Build configuration list for PBXNativeTarget "GomokuPlayUITests" */;
			buildPhases = (
				633D34472190052D006CD52D /* Sources */,
				633D34482190052D006CD52D /* Frameworks */,
				633D34492190052D006CD52D /* Resources */,
			);
			buildRules = (
			);
			dependencies = (
				633D344D2190052D006CD52D /* PBXTargetDependency */,
			);
			name = GomokuPlayUITests;
			productName = GomokuPlayUITests;
			productReference = 633D344B2190052D006CD52D /* GomokuPlayUITests.xctest */;
			productType = "com.apple.product-type.bundle.ui-testing";
		};
/* End PBXNativeTarget section */

/* Begin PBXProject section */
		633D34202190052C006CD52D /* Project object */ = {
			isa = PBXProject;
			attributes = {
				LastUpgradeCheck = 1000;
				ORGANIZATIONNAME = HANSEN;
				TargetAttributes = {
					633D34272190052C006CD52D = {
						CreatedOnToolsVersion = 10.0;
					};
					633D343F2190052D006CD52D = {
						CreatedOnToolsVersion = 10.0;
						TestTargetID = 633D34272190052C006CD52D;
					};
					633D344A2190052D006CD52D = {
						CreatedOnToolsVersion = 10.0;
						TestTargetID = 633D34272190052C006CD52D;
					};
				};
			};
			buildConfigurationList = 633D34232190052C006CD52D /* Build configuration list for PBXProject "GomokuPlay" */;
			compatibilityVersion = "Xcode 9.3";
			developmentRegion = en;
			hasScannedForEncodings = 0;
			knownRegions = (
				en,
				Base,
			);
			mainGroup = 633D341F2190052C006CD52D;
			productRefGroup = 633D34292190052C006CD52D /* Products */;
			projectDirPath = "";
			projectRoot = "";
			targets = (
				633D34272190052C006CD52D /* GomokuPlay */,
				633D343F2190052D006CD52D /* GomokuPlayTests */,
				633D344A2190052D006CD52D /* GomokuPlayUITests */,
			);
		};
/* End PBXProject section */

/* Begin PBXResourcesBuildPhase section */
		633D34262190052C006CD52D /* Resources */ = {
			isa = PBXResourcesBuildPhase;
			buildActionMask = 2147483647;
			files = (
				633D34382190052D006CD52D /* LaunchScreen.storyboard in Resources */,
				633D34352190052D006CD52D /* Assets.xcassets in Resources */,
				633D34332190052C006CD52D /* Main.storyboard in Resources */,
			);
			runOnlyForDeploymentPostprocessing = 0;
		};
		633D343E2190052D006CD52D /* Resources */ = {
			isa = PBXResourcesBuildPhase;
			buildActionMask = 2147483647;
			files = (
			);
			runOnlyForDeploymentPostprocessing = 0;
		};
		633D34492190052D006CD52D /* Resources */ = {
			isa = PBXResourcesBuildPhase;
			buildActionMask = 2147483647;
			files = (
			);
			runOnlyForDeploymentPostprocessing = 0;
		};
/* End PBXResourcesBuildPhase section */

/* Begin PBXSourcesBuildPhase section */
		633D34242190052C006CD52D /* Sources */ = {
			isa = PBXSourcesBuildPhase;
			buildActionMask = 2147483647;
			files = (
				633D34302190052C006CD52D /* ViewController.m in Sources */,
				633D343B2190052D006CD52D /* main.m in Sources */,
				633D342D2190052C006CD52D /* AppDelegate.m in Sources */,
			);
			runOnlyForDeploymentPostprocessing = 0;
		};
		633D343C2190052D006CD52D /* Sources */ = {
			isa = PBXSourcesBuildPhase;
			buildActionMask = 2147483647;
			files = (
				633D34452190052D006CD52D /* GomokuPlayTests.m in Sources */,
			);
			runOnlyForDeploymentPostprocessing = 0;
		};
		633D34472190052D006CD52D /* Sources */ = {
			isa = PBXSourcesBuildPhase;
			buildActionMask = 2147483647;
			files = (
				633D34502190052D006CD52D /* GomokuPlayUITests.m in Sources */,
			);
			runOnlyForDeploymentPostprocessing = 0;
		};
/* End PBXSourcesBuildPhase section */

/* Begin PBXTargetDependency section */
		633D34422190052D006CD52D /* PBXTargetDependency */ = {
			isa = PBXTargetDependency;
			target = 633D34272190052C006CD52D /* GomokuPlay */;
			targetProxy = 633D34412190052D006CD52D /* PBXContainerItemProxy */;
		};
		633D344D2190052D006CD52D /* PBXTargetDependency */ = {
			isa = PBXTargetDependency;
			target = 633D34272190052C006CD52D /* GomokuPlay */;
			targetProxy = 633D344C2190052D006CD52D /* PBXContainerItemProxy */;
		};
/* End PBXTargetDependency section */

/* Begin PBXVariantGroup section */
		633D34312190052C006CD52D /* Main.storyboard */ = {
			isa = PBXVariantGroup;
			children = (
				633D34322190052C006CD52D /* Base */,
			);
			name = Main.storyboard;
			sourceTree = "<group>";
		};
		633D34362190052D006CD52D /* LaunchScreen.storyboard */ = {
			isa = PBXVariantGroup;
			children = (
				633D34372190052D006CD52D /* Base */,
			);
			name = LaunchScreen.storyboard;
			sourceTree = "<group>";
		};
/* End PBXVariantGroup section */

/* Begin XCBuildConfiguration section */
		633D34522190052D006CD52D /* Debug */ = {
			isa = XCBuildConfiguration;
			buildSettings = {
				ALWAYS_SEARCH_USER_PATHS = NO;
				CLANG_ANALYZER_NONNULL = YES;
				CLANG_ANALYZER_NUMBER_OBJECT_CONVERSION = YES_AGGRESSIVE;
				CLANG_CXX_LANGUAGE_STANDARD = "gnu++14";
				CLANG_CXX_LIBRARY = "libc++";
				CLANG_ENABLE_MODULES = YES;
				CLANG_ENABLE_OBJC_ARC = YES;
				CLANG_ENABLE_OBJC_WEAK = YES;
				CLANG_WARN_BLOCK_CAPTURE_AUTORELEASING = YES;
				CLANG_WARN_BOOL_CONVERSION = YES;
				CLANG_WARN_COMMA = YES;
				CLANG_WARN_CONSTANT_CONVERSION = YES;
				CLANG_WARN_DEPRECATED_OBJC_IMPLEMENTATIONS = YES;
				CLANG_WARN_DIRECT_OBJC_ISA_USAGE = YES_ERROR;
				CLANG_WARN_DOCUMENTATION_COMMENTS = YES;
				CLANG_WARN_EMPTY_BODY = YES;
				CLANG_WARN_ENUM_CONVERSION = YES;
				CLANG_WARN_INFINITE_RECURSION = YES;
				CLANG_WARN_INT_CONVERSION = YES;
				CLANG_WARN_NON_LITERAL_NULL_CONVERSION = YES;
				CLANG_WARN_OBJC_IMPLICIT_RETAIN_SELF = YES;
				CLANG_WARN_OBJC_LITERAL_CONVERSION = YES;
				CLANG_WARN_OBJC_ROOT_CLASS = YES_ERROR;
				CLANG_WARN_RANGE_LOOP_ANALYSIS = YES;
				CLANG_WARN_STRICT_PROTOTYPES = YES;
				CLANG_WARN_SUSPICIOUS_MOVE = YES;
				CLANG_WARN_UNGUARDED_AVAILABILITY = YES_AGGRESSIVE;
				CLANG_WARN_UNREACHABLE_CODE = YES;
				CLANG_WARN__DUPLICATE_METHOD_MATCH = YES;
				CODE_SIGN_IDENTITY = "iPhone Developer";
				COPY_PHASE_STRIP = NO;
				DEBUG_INFORMATION_FORMAT = dwarf;
				ENABLE_STRICT_OBJC_MSGSEND = YES;
				ENABLE_TESTABILITY = YES;
				GCC_C_LANGUAGE_STANDARD = gnu11;
				GCC_DYNAMIC_NO_PIC = NO;
				GCC_NO_COMMON_BLOCKS = YES;
				GCC_OPTIMIZATION_LEVEL = 0;
				GCC_PREPROCESSOR_DEFINITIONS = (
					"DEBUG=1",
					"$(inherited)",
				);
				GCC_WARN_64_TO_32_BIT_CONVERSION = YES;
				GCC_WARN_ABOUT_RETURN_TYPE = YES_ERROR;
				GCC_WARN_UNDECLARED_SELECTOR = YES;
				GCC_WARN_UNINITIALIZED_AUTOS = YES_AGGRESSIVE;
				GCC_WARN_UNUSED_FUNCTION = YES;
				GCC_WARN_UNUSED_VARIABLE = YES;
				IPHONEOS_DEPLOYMENT_TARGET = 12.0;
				MTL_ENABLE_DEBUG_INFO = INCLUDE_SOURCE;
				MTL_FAST_MATH = YES;
				ONLY_ACTIVE_ARCH = YES;
				SDKROOT = iphoneos;
			};
			name = Debug;
		};
		633D34532190052D006CD52D /* Release */ = {
			isa = XCBuildConfiguration;
			buildSettings = {
				ALWAYS_SEARCH_USER_PATHS = NO;
				CLANG_ANALYZER_NONNULL = YES;
				CLANG_ANALYZER_NUMBER_OBJECT_CONVERSION = YES_AGGRESSIVE;
				CLANG_CXX_LANGUAGE_STANDARD = "gnu++14";
				CLANG_CXX_LIBRARY = "libc++";
				CLANG_ENABLE_MODULES = YES;
				CLANG_ENABLE_OBJC_ARC = YES;
				CLANG_ENABLE_OBJC_WEAK = YES;
				CLANG_WARN_BLOCK_CAPTURE_AUTORELEASING = YES;
				CLANG_WARN_BOOL_CONVERSION = YES;
				CLANG_WARN_COMMA = YES;
				CLANG_WARN_CONSTANT_CONVERSION = YES;
				CLANG_WARN_DEPRECATED_OBJC_IMPLEMENTATIONS = YES;
				CLANG_WARN_DIRECT_OBJC_ISA_USAGE = YES_ERROR;
				CLANG_WARN_DOCUMENTATION_COMMENTS = YES;
				CLANG_WARN_EMPTY_BODY = YES;
				CLANG_WARN_ENUM_CONVERSION = YES;
				CLANG_WARN_INFINITE_RECURSION = YES;
				CLANG_WARN_INT_CONVERSION = YES;
				CLANG_WARN_NON_LITERAL_NULL_CONVERSION = YES;
				CLANG_WARN_OBJC_IMPLICIT_RETAIN_SELF = YES;
				CLANG_WARN_OBJC_LITERAL_CONVERSION = YES;
				CLANG_WARN_OBJC_ROOT_CLASS = YES_ERROR;
				CLANG_WARN_RANGE_LOOP_ANALYSIS = YES;
				CLANG_WARN_STRICT_PROTOTYPES = YES;
				CLANG_WARN_SUSPICIOUS_MOVE = YES;
				CLANG_WARN_UNGUARDED_AVAILABILITY = YES_AGGRESSIVE;
				CLANG_WARN_UNREACHABLE_CODE = YES;
				CLANG_WARN__DUPLICATE_METHOD_MATCH = YES;
				CODE_SIGN_IDENTITY = "iPhone Developer";
				COPY_PHASE_STRIP = NO;
				DEBUG_INFORMATION_FORMAT = "dwarf-with-dsym";
				ENABLE_NS_ASSERTIONS = NO;
				ENABLE_STRICT_OBJC_MSGSEND = YES;
				GCC_C_LANGUAGE_STANDARD = gnu11;
				GCC_NO_COMMON_BLOCKS = YES;
				GCC_WARN_64_TO_32_BIT_CONVERSION = YES;
				GCC_WARN_ABOUT_RETURN_TYPE = YES_ERROR;
				GCC_WARN_UNDECLARED_SELECTOR = YES;
				GCC_WARN_UNINITIALIZED_AUTOS = YES_AGGRESSIVE;
				GCC_WARN_UNUSED_FUNCTION = YES;
				GCC_WARN_UNUSED_VARIABLE = YES;
				IPHONEOS_DEPLOYMENT_TARGET = 12.0;
				MTL_ENABLE_DEBUG_INFO = NO;
				MTL_FAST_MATH = YES;
				SDKROOT = iphoneos;
				VALIDATE_PRODUCT = YES;
			};
			name = Release;
		};
		633D34552190052D006CD52D /* Debug */ = {
			isa = XCBuildConfiguration;
			buildSettings = {
				ASSETCATALOG_COMPILER_APPICON_NAME = AppIcon;
				CODE_SIGN_STYLE = Automatic;
				DEVELOPMENT_TEAM = Z9QZ6CX46M;
				INFOPLIST_FILE = GomokuPlay/Info.plist;
				LD_RUNPATH_SEARCH_PATHS = (
					"$(inherited)",
					"@executable_path/Frameworks",
				);
				PRODUCT_BUNDLE_IDENTIFIER = HANSENID.GomokuPlay;
				PRODUCT_NAME = "$(TARGET_NAME)";
				TARGETED_DEVICE_FAMILY = "1,2";
			};
			name = Debug;
		};
		633D34562190052D006CD52D /* Release */ = {
			isa = XCBuildConfiguration;
			buildSettings = {
				ASSETCATALOG_COMPILER_APPICON_NAME = AppIcon;
				CODE_SIGN_STYLE = Automatic;
				DEVELOPMENT_TEAM = Z9QZ6CX46M;
				INFOPLIST_FILE = GomokuPlay/Info.plist;
				LD_RUNPATH_SEARCH_PATHS = (
					"$(inherited)",
					"@executable_path/Frameworks",
				);
				PRODUCT_BUNDLE_IDENTIFIER = HANSENID.GomokuPlay;
				PRODUCT_NAME = "$(TARGET_NAME)";
				TARGETED_DEVICE_FAMILY = "1,2";
			};
			name = Release;
		};
		633D34582190052D006CD52D /* Debug */ = {
			isa = XCBuildConfiguration;
			buildSettings = {
				BUNDLE_LOADER = "$(TEST_HOST)";
				CODE_SIGN_STYLE = Automatic;
				DEVELOPMENT_TEAM = Z9QZ6CX46M;
				INFOPLIST_FILE = GomokuPlayTests/Info.plist;
				LD_RUNPATH_SEARCH_PATHS = (
					"$(inherited)",
					"@executable_path/Frameworks",
					"@loader_path/Frameworks",
				);
				PRODUCT_BUNDLE_IDENTIFIER = HANSENID.GomokuPlayTests;
				PRODUCT_NAME = "$(TARGET_NAME)";
				TARGETED_DEVICE_FAMILY = "1,2";
				TEST_HOST = "$(BUILT_PRODUCTS_DIR)/GomokuPlay.app/GomokuPlay";
			};
			name = Debug;
		};
		633D34592190052D006CD52D /* Release */ = {
			isa = XCBuildConfiguration;
			buildSettings = {
				BUNDLE_LOADER = "$(TEST_HOST)";
				CODE_SIGN_STYLE = Automatic;
				DEVELOPMENT_TEAM = Z9QZ6CX46M;
				INFOPLIST_FILE = GomokuPlayTests/Info.plist;
				LD_RUNPATH_SEARCH_PATHS = (
					"$(inherited)",
					"@executable_path/Frameworks",
					"@loader_path/Frameworks",
				);
				PRODUCT_BUNDLE_IDENTIFIER = HANSENID.GomokuPlayTests;
				PRODUCT_NAME = "$(TARGET_NAME)";
				TARGETED_DEVICE_FAMILY = "1,2";
				TEST_HOST = "$(BUILT_PRODUCTS_DIR)/GomokuPlay.app/GomokuPlay";
			};
			name = Release;
		};
		633D345B2190052D006CD52D /* Debug */ = {
			isa = XCBuildConfiguration;
			buildSettings = {
				CODE_SIGN_STYLE = Automatic;
				DEVELOPMENT_TEAM = Z9QZ6CX46M;
				INFOPLIST_FILE = GomokuPlayUITests/Info.plist;
				LD_RUNPATH_SEARCH_PATHS = (
					"$(inherited)",
					"@executable_path/Frameworks",
					"@loader_path/Frameworks",
				);
				PRODUCT_BUNDLE_IDENTIFIER = HANSENID.GomokuPlayUITests;
				PRODUCT_NAME = "$(TARGET_NAME)";
				TARGETED_DEVICE_FAMILY = "1,2";
				TEST_TARGET_NAME = GomokuPlay;
			};
			name = Debug;
		};
		633D345C2190052D006CD52D /* Release */ = {
			isa = XCBuildConfiguration;
			buildSettings = {
				CODE_SIGN_STYLE = Automatic;
				DEVELOPMENT_TEAM = Z9QZ6CX46M;
				INFOPLIST_FILE = GomokuPlayUITests/Info.plist;
				LD_RUNPATH_SEARCH_PATHS = (
					"$(inherited)",
					"@executable_path/Frameworks",
					"@loader_path/Frameworks",
				);
				PRODUCT_BUNDLE_IDENTIFIER = HANSENID.GomokuPlayUITests;
				PRODUCT_NAME = "$(TARGET_NAME)";
				TARGETED_DEVICE_FAMILY = "1,2";
				TEST_TARGET_NAME = GomokuPlay;
			};
			name = Release;
		};
/* End XCBuildConfiguration section */

/* Begin XCConfigurationList section */
		633D34232190052C006CD52D /* Build configuration list for PBXProject "GomokuPlay" */ = {
			isa = XCConfigurationList;
			buildConfigurations = (
				633D34522190052D006CD52D /* Debug */,
				633D34532190052D006CD52D /* Release */,
			);
			defaultConfigurationIsVisible = 0;
			defaultConfigurationName = Release;
		};
		633D34542190052D006CD52D /* Build configuration list for PBXNativeTarget "GomokuPlay" */ = {
			isa = XCConfigurationList;
			buildConfigurations = (
				633D34552190052D006CD52D /* Debug */,
				633D34562190052D006CD52D /* Release */,
			);
			defaultConfigurationIsVisible = 0;
			defaultConfigurationName = Release;
		};
		633D34572190052D006CD52D /* Build configuration list for PBXNativeTarget "GomokuPlayTests" */ = {
			isa = XCConfigurationList;
			buildConfigurations = (
				633D34582190052D006CD52D /* Debug */,
				633D34592190052D006CD52D /* Release */,
			);
			defaultConfigurationIsVisible = 0;
			defaultConfigurationName = Release;
		};
		633D345A2190052D006CD52D /* Build configuration list for PBXNativeTarget "GomokuPlayUITests" */ = {
			isa = XCConfigurationList;
			buildConfigurations = (
				633D345B2190052D006CD52D /* Debug */,
				633D345C2190052D006CD52D /* Release */,
			);
			defaultConfigurationIsVisible = 0;
			defaultConfigurationName = Release;
		};
/* End XCConfigurationList section */
	};
	rootObject = 633D34202190052C006CD52D /* Project object */;
}
